
Microsoft Visual Studio Solution File, Format Version 12.00
# Visual Studio Version 17
VisualStudioVersion = 17.0.32126.317
MinimumVisualStudioVersion = 10.0.40219.1
Project("{9A19103F-16F7-4668-BE54-9A1E7A4F7556}") = "DNS", "DNS\DNS.csproj", "{74E37A8B-A829-4D36-898D-BB92A22EF224}"
EndProject
Global
	GlobalSection(SolutionConfigurationPlatforms) = preSolution
		Debug|Any CPU = Debug|Any CPU
		Release|Any CPU = Release|Any CPU
	EndGlobalSection
	GlobalSection(ProjectConfigurationPlatforms) = postSolution
		{74E37A8B-A829-4D36-898D-BB92A22EF224}.Debug|Any CPU.ActiveCfg = Debug|Any CPU
		{74E37A8B-A829-4D36-898D-BB92A22EF224}.Debug|Any CPU.Build.0 = Debug|Any CPU
		{74E37A8B-A829-4D36-898D-BB92A22EF224}.Release|Any CPU.ActiveCfg = Release|Any CPU
		{74E37A8B-A829-4D36-898D-BB92A22EF224}.Release|Any CPU.Build.0 = Release|Any CPU
	EndGlobalSection
	GlobalSection(SolutionProperties) = preSolution
		HideSolutionNode = FALSE
	EndGlobalSection
	GlobalSection(ExtensibilityGlobals) = postSolution
		SolutionGuid = {044ACE6A-A62E-4E0F-BD85-017A7ADF7627}
	EndGlobalSection
EndGlobal
